
Microsoft Visual Studio Solution File, Format Version 12.00
# Visual Studio 2012
Project("{FAE04EC0-301F-11D3-BF4B-00C04F79EFBC}") = "VSOptionsDialogResizer.Addin", "VSOptionsDialogResizer.Addin\VSOptionsDialogResizer.Addin.csproj", "{54C786E5-FD14-4036-92AE-E9F25B71534B}"
EndProject
Project("{FAE04EC0-301F-11D3-BF4B-00C04F79EFBC}") = "VSOptionsDialogResizer", "VSOptionsDialogResizer\VSOptionsDialogResizer.csproj", "{76B996A9-D46E-478A-8A02-C41F758C9EDD}"
EndProject
Project("{FAE04EC0-301F-11D3-BF4B-00C04F79EFBC}") = "VSOptionsDialogResizer.Specs", "VSOptionsDialogResizer.Specs\VSOptionsDialogResizer.Specs.csproj", "{D71BB76B-9197-462D-B85E-BBD73A29B6AE}"
EndProject
Project("{2150E333-8FDC-42A3-9474-1A3956D46DE8}") = ".nuget", ".nuget", "{481FF01B-C14F-4945-8728-DF9320B95CCE}"
	ProjectSection(SolutionItems) = preProject
		.nuget\NuGet.Config = .nuget\NuGet.Config
		.nuget\NuGet.exe = .nuget\NuGet.exe
		.nuget\NuGet.targets = .nuget\NuGet.targets
	EndProjectSection
EndProject
Global
	GlobalSection(SolutionConfigurationPlatforms) = preSolution
		Debug|Any CPU = Debug|Any CPU
		Release|Any CPU = Release|Any CPU
	EndGlobalSection
	GlobalSection(ProjectConfigurationPlatforms) = postSolution
		{54C786E5-FD14-4036-92AE-E9F25B71534B}.Debug|Any CPU.ActiveCfg = Debug|Any CPU
		{54C786E5-FD14-4036-92AE-E9F25B71534B}.Debug|Any CPU.Build.0 = Debug|Any CPU
		{54C786E5-FD14-4036-92AE-E9F25B71534B}.Release|Any CPU.ActiveCfg = Release|Any CPU
		{54C786E5-FD14-4036-92AE-E9F25B71534B}.Release|Any CPU.Build.0 = Release|Any CPU
		{76B996A9-D46E-478A-8A02-C41F758C9EDD}.Debug|Any CPU.ActiveCfg = Debug|Any CPU
		{76B996A9-D46E-478A-8A02-C41F758C9EDD}.Debug|Any CPU.Build.0 = Debug|Any CPU
		{76B996A9-D46E-478A-8A02-C41F758C9EDD}.Release|Any CPU.ActiveCfg = Release|Any CPU
		{76B996A9-D46E-478A-8A02-C41F758C9EDD}.Release|Any CPU.Build.0 = Release|Any CPU
		{D71BB76B-9197-462D-B85E-BBD73A29B6AE}.Debug|Any CPU.ActiveCfg = Debug|Any CPU
		{D71BB76B-9197-462D-B85E-BBD73A29B6AE}.Debug|Any CPU.Build.0 = Debug|Any CPU
		{D71BB76B-9197-462D-B85E-BBD73A29B6AE}.Release|Any CPU.ActiveCfg = Release|Any CPU
		{D71BB76B-9197-462D-B85E-BBD73A29B6AE}.Release|Any CPU.Build.0 = Release|Any CPU
	EndGlobalSection
	GlobalSection(SolutionProperties) = preSolution
		HideSolutionNode = FALSE
	EndGlobalSection
EndGlobal
